
Microsoft Visual Studio Solution File, Format Version 12.00
# Visual Studio Version 17
Project("{2150E333-8FDC-42A3-9474-1A3956D46DE8}") = "CMakePredefinedTargets", "CMakePredefinedTargets", "{77C97EB2-9902-301A-BD56-EB08DFE6ECAD}"
EndProject
Project("{8BC9CEB8-8B4A-11D0-8D11-00A0C91BC942}") = "engine", "engine.vcxproj", "{EEF36624-84EB-3E94-8B49-E5F5A65D4F12}"
	ProjectSection(ProjectDependencies) = postProject
		{FCC06AD7-E922-3DDA-BFD6-37554BC1F005} = {FCC06AD7-E922-3DDA-BFD6-37554BC1F005}
	EndProjectSection
EndProject
Project("{8BC9CEB8-8B4A-11D0-8D11-00A0C91BC942}") = "ALL_BUILD", "ALL_BUILD.vcxproj", "{FD68A4C0-9B89-3B92-86F9-5223A87B1CFD}"
	ProjectSection(ProjectDependencies) = postProject
		{FCC06AD7-E922-3DDA-BFD6-37554BC1F005} = {FCC06AD7-E922-3DDA-BFD6-37554BC1F005}
		{EEF36624-84EB-3E94-8B49-E5F5A65D4F12} = {EEF36624-84EB-3E94-8B49-E5F5A65D4F12}
		{B833ECC2-8C18-320B-AE8F-CCE26C24D771} = {B833ECC2-8C18-320B-AE8F-CCE26C24D771}
	EndProjectSection
EndProject
Project("{8BC9CEB8-8B4A-11D0-8D11-00A0C91BC942}") = "ZERO_CHECK", "ZERO_CHECK.vcxproj", "{FCC06AD7-E922-3DDA-BFD6-37554BC1F005}"
	ProjectSection(ProjectDependencies) = postProject
	EndProjectSection
EndProject
Project("{8BC9CEB8-8B4A-11D0-8D11-00A0C91BC942}") = "generator", "generator.vcxproj", "{B833ECC2-8C18-320B-AE8F-CCE26C24D771}"
	ProjectSection(ProjectDependencies) = postProject
		{FCC06AD7-E922-3DDA-BFD6-37554BC1F005} = {FCC06AD7-E922-3DDA-BFD6-37554BC1F005}
	EndProjectSection
EndProject
Global
	GlobalSection(SolutionConfigurationPlatforms) = preSolution
		Debug|Win32 = Debug|Win32
		Release|Win32 = Release|Win32
		MinSizeRel|Win32 = MinSizeRel|Win32
		RelWithDebInfo|Win32 = RelWithDebInfo|Win32
	EndGlobalSection
	GlobalSection(ProjectConfigurationPlatforms) = postSolution
		{EEF36624-84EB-3E94-8B49-E5F5A65D4F12}.Debug|Win32.ActiveCfg = Debug|Win32
		{EEF36624-84EB-3E94-8B49-E5F5A65D4F12}.Debug|Win32.Build.0 = Debug|Win32
		{EEF36624-84EB-3E94-8B49-E5F5A65D4F12}.Release|Win32.ActiveCfg = Release|Win32
		{EEF36624-84EB-3E94-8B49-E5F5A65D4F12}.Release|Win32.Build.0 = Release|Win32
		{EEF36624-84EB-3E94-8B49-E5F5A65D4F12}.MinSizeRel|Win32.ActiveCfg = MinSizeRel|Win32
		{EEF36624-84EB-3E94-8B49-E5F5A65D4F12}.MinSizeRel|Win32.Build.0 = MinSizeRel|Win32
		{EEF36624-84EB-3E94-8B49-E5F5A65D4F12}.RelWithDebInfo|Win32.ActiveCfg = RelWithDebInfo|Win32
		{EEF36624-84EB-3E94-8B49-E5F5A65D4F12}.RelWithDebInfo|Win32.Build.0 = RelWithDebInfo|Win32
		{FD68A4C0-9B89-3B92-86F9-5223A87B1CFD}.Debug|Win32.ActiveCfg = Debug|Win32
		{FD68A4C0-9B89-3B92-86F9-5223A87B1CFD}.Release|Win32.ActiveCfg = Release|Win32
		{FD68A4C0-9B89-3B92-86F9-5223A87B1CFD}.MinSizeRel|Win32.ActiveCfg = MinSizeRel|Win32
		{FD68A4C0-9B89-3B92-86F9-5223A87B1CFD}.RelWithDebInfo|Win32.ActiveCfg = RelWithDebInfo|Win32
		{FCC06AD7-E922-3DDA-BFD6-37554BC1F005}.Debug|Win32.ActiveCfg = Debug|Win32
		{FCC06AD7-E922-3DDA-BFD6-37554BC1F005}.Debug|Win32.Build.0 = Debug|Win32
		{FCC06AD7-E922-3DDA-BFD6-37554BC1F005}.Release|Win32.ActiveCfg = Release|Win32
		{FCC06AD7-E922-3DDA-BFD6-37554BC1F005}.Release|Win32.Build.0 = Release|Win32
		{FCC06AD7-E922-3DDA-BFD6-37554BC1F005}.MinSizeRel|Win32.ActiveCfg = MinSizeRel|Win32
		{FCC06AD7-E922-3DDA-BFD6-37554BC1F005}.MinSizeRel|Win32.Build.0 = MinSizeRel|Win32
		{FCC06AD7-E922-3DDA-BFD6-37554BC1F005}.RelWithDebInfo|Win32.ActiveCfg = RelWithDebInfo|Win32
		{FCC06AD7-E922-3DDA-BFD6-37554BC1F005}.RelWithDebInfo|Win32.Build.0 = RelWithDebInfo|Win32
		{B833ECC2-8C18-320B-AE8F-CCE26C24D771}.Debug|Win32.ActiveCfg = Debug|Win32
		{B833ECC2-8C18-320B-AE8F-CCE26C24D771}.Debug|Win32.Build.0 = Debug|Win32
		{B833ECC2-8C18-320B-AE8F-CCE26C24D771}.Release|Win32.ActiveCfg = Release|Win32
		{B833ECC2-8C18-320B-AE8F-CCE26C24D771}.Release|Win32.Build.0 = Release|Win32
		{B833ECC2-8C18-320B-AE8F-CCE26C24D771}.MinSizeRel|Win32.ActiveCfg = MinSizeRel|Win32
		{B833ECC2-8C18-320B-AE8F-CCE26C24D771}.MinSizeRel|Win32.Build.0 = MinSizeRel|Win32
		{B833ECC2-8C18-320B-AE8F-CCE26C24D771}.RelWithDebInfo|Win32.ActiveCfg = RelWithDebInfo|Win32
		{B833ECC2-8C18-320B-AE8F-CCE26C24D771}.RelWithDebInfo|Win32.Build.0 = RelWithDebInfo|Win32
	EndGlobalSection
	GlobalSection(NestedProjects) = preSolution
		{FD68A4C0-9B89-3B92-86F9-5223A87B1CFD} = {77C97EB2-9902-301A-BD56-EB08DFE6ECAD}
		{FCC06AD7-E922-3DDA-BFD6-37554BC1F005} = {77C97EB2-9902-301A-BD56-EB08DFE6ECAD}
	EndGlobalSection
	GlobalSection(ExtensibilityGlobals) = postSolution
		SolutionGuid = {9FD948E3-829B-3D5A-A2F2-73C083B20789}
	EndGlobalSection
	GlobalSection(ExtensibilityAddIns) = postSolution
	EndGlobalSection
EndGlobal
