
Microsoft Visual Studio Solution File, Format Version 12.00
# Visual Studio Version 17
Project("{2150E333-8FDC-42A3-9474-1A3956D46DE8}") = "CMakePredefinedTargets", "CMakePredefinedTargets", "{A372BE07-FBF9-3BA1-A697-17B0C0AD8EFF}"
EndProject
Project("{8BC9CEB8-8B4A-11D0-8D11-00A0C91BC942}") = "engine", "engine.vcxproj", "{EC323795-4DB8-3375-940A-1F38D510712D}"
	ProjectSection(ProjectDependencies) = postProject
		{26B9B09A-1B54-3896-96FE-32F1ABF1EB9A} = {26B9B09A-1B54-3896-96FE-32F1ABF1EB9A}
	EndProjectSection
EndProject
Project("{8BC9CEB8-8B4A-11D0-8D11-00A0C91BC942}") = "ALL_BUILD", "ALL_BUILD.vcxproj", "{1EA37C18-06DA-31A8-96BE-12DCA7A85D7F}"
	ProjectSection(ProjectDependencies) = postProject
		{26B9B09A-1B54-3896-96FE-32F1ABF1EB9A} = {26B9B09A-1B54-3896-96FE-32F1ABF1EB9A}
		{EC323795-4DB8-3375-940A-1F38D510712D} = {EC323795-4DB8-3375-940A-1F38D510712D}
		{F2A18349-374A-36FF-BC6D-88C15B148243} = {F2A18349-374A-36FF-BC6D-88C15B148243}
	EndProjectSection
EndProject
Project("{8BC9CEB8-8B4A-11D0-8D11-00A0C91BC942}") = "ZERO_CHECK", "ZERO_CHECK.vcxproj", "{26B9B09A-1B54-3896-96FE-32F1ABF1EB9A}"
	ProjectSection(ProjectDependencies) = postProject
	EndProjectSection
EndProject
Project("{8BC9CEB8-8B4A-11D0-8D11-00A0C91BC942}") = "generator", "generator.vcxproj", "{F2A18349-374A-36FF-BC6D-88C15B148243}"
	ProjectSection(ProjectDependencies) = postProject
		{26B9B09A-1B54-3896-96FE-32F1ABF1EB9A} = {26B9B09A-1B54-3896-96FE-32F1ABF1EB9A}
	EndProjectSection
EndProject
Global
	GlobalSection(SolutionConfigurationPlatforms) = preSolution
		Debug|Win32 = Debug|Win32
		Release|Win32 = Release|Win32
		MinSizeRel|Win32 = MinSizeRel|Win32
		RelWithDebInfo|Win32 = RelWithDebInfo|Win32
	EndGlobalSection
	GlobalSection(ProjectConfigurationPlatforms) = postSolution
		{EC323795-4DB8-3375-940A-1F38D510712D}.Debug|Win32.ActiveCfg = Debug|Win32
		{EC323795-4DB8-3375-940A-1F38D510712D}.Debug|Win32.Build.0 = Debug|Win32
		{EC323795-4DB8-3375-940A-1F38D510712D}.Release|Win32.ActiveCfg = Release|Win32
		{EC323795-4DB8-3375-940A-1F38D510712D}.Release|Win32.Build.0 = Release|Win32
		{EC323795-4DB8-3375-940A-1F38D510712D}.MinSizeRel|Win32.ActiveCfg = MinSizeRel|Win32
		{EC323795-4DB8-3375-940A-1F38D510712D}.MinSizeRel|Win32.Build.0 = MinSizeRel|Win32
		{EC323795-4DB8-3375-940A-1F38D510712D}.RelWithDebInfo|Win32.ActiveCfg = RelWithDebInfo|Win32
		{EC323795-4DB8-3375-940A-1F38D510712D}.RelWithDebInfo|Win32.Build.0 = RelWithDebInfo|Win32
		{1EA37C18-06DA-31A8-96BE-12DCA7A85D7F}.Debug|Win32.ActiveCfg = Debug|Win32
		{1EA37C18-06DA-31A8-96BE-12DCA7A85D7F}.Release|Win32.ActiveCfg = Release|Win32
		{1EA37C18-06DA-31A8-96BE-12DCA7A85D7F}.MinSizeRel|Win32.ActiveCfg = MinSizeRel|Win32
		{1EA37C18-06DA-31A8-96BE-12DCA7A85D7F}.RelWithDebInfo|Win32.ActiveCfg = RelWithDebInfo|Win32
		{26B9B09A-1B54-3896-96FE-32F1ABF1EB9A}.Debug|Win32.ActiveCfg = Debug|Win32
		{26B9B09A-1B54-3896-96FE-32F1ABF1EB9A}.Debug|Win32.Build.0 = Debug|Win32
		{26B9B09A-1B54-3896-96FE-32F1ABF1EB9A}.Release|Win32.ActiveCfg = Release|Win32
		{26B9B09A-1B54-3896-96FE-32F1ABF1EB9A}.Release|Win32.Build.0 = Release|Win32
		{26B9B09A-1B54-3896-96FE-32F1ABF1EB9A}.MinSizeRel|Win32.ActiveCfg = MinSizeRel|Win32
		{26B9B09A-1B54-3896-96FE-32F1ABF1EB9A}.MinSizeRel|Win32.Build.0 = MinSizeRel|Win32
		{26B9B09A-1B54-3896-96FE-32F1ABF1EB9A}.RelWithDebInfo|Win32.ActiveCfg = RelWithDebInfo|Win32
		{26B9B09A-1B54-3896-96FE-32F1ABF1EB9A}.RelWithDebInfo|Win32.Build.0 = RelWithDebInfo|Win32
		{F2A18349-374A-36FF-BC6D-88C15B148243}.Debug|Win32.ActiveCfg = Debug|Win32
		{F2A18349-374A-36FF-BC6D-88C15B148243}.Debug|Win32.Build.0 = Debug|Win32
		{F2A18349-374A-36FF-BC6D-88C15B148243}.Release|Win32.ActiveCfg = Release|Win32
		{F2A18349-374A-36FF-BC6D-88C15B148243}.Release|Win32.Build.0 = Release|Win32
		{F2A18349-374A-36FF-BC6D-88C15B148243}.MinSizeRel|Win32.ActiveCfg = MinSizeRel|Win32
		{F2A18349-374A-36FF-BC6D-88C15B148243}.MinSizeRel|Win32.Build.0 = MinSizeRel|Win32
		{F2A18349-374A-36FF-BC6D-88C15B148243}.RelWithDebInfo|Win32.ActiveCfg = RelWithDebInfo|Win32
		{F2A18349-374A-36FF-BC6D-88C15B148243}.RelWithDebInfo|Win32.Build.0 = RelWithDebInfo|Win32
	EndGlobalSection
	GlobalSection(NestedProjects) = preSolution
		{1EA37C18-06DA-31A8-96BE-12DCA7A85D7F} = {A372BE07-FBF9-3BA1-A697-17B0C0AD8EFF}
		{26B9B09A-1B54-3896-96FE-32F1ABF1EB9A} = {A372BE07-FBF9-3BA1-A697-17B0C0AD8EFF}
	EndGlobalSection
	GlobalSection(ExtensibilityGlobals) = postSolution
		SolutionGuid = {750CE1F3-6999-304A-A9FB-8E6DB6236BB9}
	EndGlobalSection
	GlobalSection(ExtensibilityAddIns) = postSolution
	EndGlobalSection
EndGlobal
